// !$*UTF8*$!
{
	archiveVersion = 1;
	classes = {
	};
	objectVersion = 46;
	objects = {

/* Begin PBXBuildFile section */
		13D8DC56A894B71CD1317B3E /* Pods_calcKingUITests.framework in Frameworks */ = {isa = PBXBuildFile; fileRef = 66FCE6CE298124C85610F069 /* Pods_calcKingUITests.framework */; };
		15867E5B1F7BE3A500A471E3 /* AppDelegate.swift in Sources */ = {isa = PBXBuildFile; fileRef = 15867E5A1F7BE3A500A471E3 /* AppDelegate.swift */; };
		15867E5D1F7BE3A500A471E3 /* ViewController.swift in Sources */ = {isa = PBXBuildFile; fileRef = 15867E5C1F7BE3A500A471E3 /* ViewController.swift */; };
		15867E601F7BE3A500A471E3 /* Main.storyboard in Resources */ = {isa = PBXBuildFile; fileRef = 15867E5E1F7BE3A500A471E3 /* Main.storyboard */; };
		15867E621F7BE3A500A471E3 /* Assets.xcassets in Resources */ = {isa = PBXBuildFile; fileRef = 15867E611F7BE3A500A471E3 /* Assets.xcassets */; };
		15867E651F7BE3A500A471E3 /* LaunchScreen.storyboard in Resources */ = {isa = PBXBuildFile; fileRef = 15867E631F7BE3A500A471E3 /* LaunchScreen.storyboard */; };
		15867E701F7BE3A500A471E3 /* calcKingTests.swift in Sources */ = {isa = PBXBuildFile; fileRef = 15867E6F1F7BE3A500A471E3 /* calcKingTests.swift */; };
		15867E7B1F7BE3A500A471E3 /* calcKingUITests.swift in Sources */ = {isa = PBXBuildFile; fileRef = 15867E7A1F7BE3A500A471E3 /* calcKingUITests.swift */; };
		D3DC728DC085457FE827185D /* Pods_calcKingTests.framework in Frameworks */ = {isa = PBXBuildFile; fileRef = 505772D7B4A4F6150D91D92D /* Pods_calcKingTests.framework */; };
		EB0D203AD1DAF4137AFCFCAA /* Pods_calcKing.framework in Frameworks */ = {isa = PBXBuildFile; fileRef = 912DDE86DE5BF9CBAC60DE01 /* Pods_calcKing.framework */; };
/* End PBXBuildFile section */

/* Begin PBXContainerItemProxy section */
		15867E6C1F7BE3A500A471E3 /* PBXContainerItemProxy */ = {
			isa = PBXContainerItemProxy;
			containerPortal = 15867E4F1F7BE3A500A471E3 /* Project object */;
			proxyType = 1;
			remoteGlobalIDString = 15867E561F7BE3A500A471E3;
			remoteInfo = calcKing;
		};
		15867E771F7BE3A500A471E3 /* PBXContainerItemProxy */ = {
			isa = PBXContainerItemProxy;
			containerPortal = 15867E4F1F7BE3A500A471E3 /* Project object */;
			proxyType = 1;
			remoteGlobalIDString = 15867E561F7BE3A500A471E3;
			remoteInfo = calcKing;
		};
/* End PBXContainerItemProxy section */

/* Begin PBXFileReference section */
		15867E571F7BE3A500A471E3 /* calcKing.app */ = {isa = PBXFileReference; explicitFileType = wrapper.application; includeInIndex = 0; path = calcKing.app; sourceTree = BUILT_PRODUCTS_DIR; };
		15867E5A1F7BE3A500A471E3 /* AppDelegate.swift */ = {isa = PBXFileReference; lastKnownFileType = sourcecode.swift; path = AppDelegate.swift; sourceTree = "<group>"; };
		15867E5C1F7BE3A500A471E3 /* ViewController.swift */ = {isa = PBXFileReference; lastKnownFileType = sourcecode.swift; path = ViewController.swift; sourceTree = "<group>"; };
		15867E5F1F7BE3A500A471E3 /* Base */ = {isa = PBXFileReference; lastKnownFileType = file.storyboard; name = Base; path = Base.lproj/Main.storyboard; sourceTree = "<group>"; };
		15867E611F7BE3A500A471E3 /* Assets.xcassets */ = {isa = PBXFileReference; lastKnownFileType = folder.assetcatalog; path = Assets.xcassets; sourceTree = "<group>"; };
		15867E641F7BE3A500A471E3 /* Base */ = {isa = PBXFileReference; lastKnownFileType = file.storyboard; name = Base; path = Base.lproj/LaunchScreen.storyboard; sourceTree = "<group>"; };
		15867E661F7BE3A500A471E3 /* Info.plist */ = {isa = PBXFileReference; lastKnownFileType = text.plist.xml; path = Info.plist; sourceTree = "<group>"; };
		15867E6B1F7BE3A500A471E3 /* calcKingTests.xctest */ = {isa = PBXFileReference; explicitFileType = wrapper.cfbundle; includeInIndex = 0; path = calcKingTests.xctest; sourceTree = BUILT_PRODUCTS_DIR; };
		15867E6F1F7BE3A500A471E3 /* calcKingTests.swift */ = {isa = PBXFileReference; lastKnownFileType = sourcecode.swift; path = calcKingTests.swift; sourceTree = "<group>"; };
		15867E711F7BE3A500A471E3 /* Info.plist */ = {isa = PBXFileReference; lastKnownFileType = text.plist.xml; path = Info.plist; sourceTree = "<group>"; };
		15867E761F7BE3A500A471E3 /* calcKingUITests.xctest */ = {isa = PBXFileReference; explicitFileType = wrapper.cfbundle; includeInIndex = 0; path = calcKingUITests.xctest; sourceTree = BUILT_PRODUCTS_DIR; };
		15867E7A1F7BE3A500A471E3 /* calcKingUITests.swift */ = {isa = PBXFileReference; lastKnownFileType = sourcecode.swift; path = calcKingUITests.swift; sourceTree = "<group>"; };
		15867E7C1F7BE3A500A471E3 /* Info.plist */ = {isa = PBXFileReference; lastKnownFileType = text.plist.xml; path = Info.plist; sourceTree = "<group>"; };
		1B455564F996463A5CCCB6E0 /* Pods-calcKingUITests.debug.xcconfig */ = {isa = PBXFileReference; includeInIndex = 1; lastKnownFileType = text.xcconfig; name = "Pods-calcKingUITests.debug.xcconfig"; path = "Pods/Target Support Files/Pods-calcKingUITests/Pods-calcKingUITests.debug.xcconfig"; sourceTree = "<group>"; };
		2CED217AA88EDC58B8AA77E9 /* Pods-calcKingUITests.release.xcconfig */ = {isa = PBXFileReference; includeInIndex = 1; lastKnownFileType = text.xcconfig; name = "Pods-calcKingUITests.release.xcconfig"; path = "Pods/Target Support Files/Pods-calcKingUITests/Pods-calcKingUITests.release.xcconfig"; sourceTree = "<group>"; };
		505772D7B4A4F6150D91D92D /* Pods_calcKingTests.framework */ = {isa = PBXFileReference; explicitFileType = wrapper.framework; includeInIndex = 0; path = Pods_calcKingTests.framework; sourceTree = BUILT_PRODUCTS_DIR; };
		66FCE6CE298124C85610F069 /* Pods_calcKingUITests.framework */ = {isa = PBXFileReference; explicitFileType = wrapper.framework; includeInIndex = 0; path = Pods_calcKingUITests.framework; sourceTree = BUILT_PRODUCTS_DIR; };
		7B42665131BCAEE3AB222D42 /* Pods-calcKing.debug.xcconfig */ = {isa = PBXFileReference; includeInIndex = 1; lastKnownFileType = text.xcconfig; name = "Pods-calcKing.debug.xcconfig"; path = "Pods/Target Support Files/Pods-calcKing/Pods-calcKing.debug.xcconfig"; sourceTree = "<group>"; };
		912DDE86DE5BF9CBAC60DE01 /* Pods_calcKing.framework */ = {isa = PBXFileReference; explicitFileType = wrapper.framework; includeInIndex = 0; path = Pods_calcKing.framework; sourceTree = BUILT_PRODUCTS_DIR; };
		9E746A1FBDB2EE65CBF9EECA /* Pods-calcKing.release.xcconfig */ = {isa = PBXFileReference; includeInIndex = 1; lastKnownFileType = text.xcconfig; name = "Pods-calcKing.release.xcconfig"; path = "Pods/Target Support Files/Pods-calcKing/Pods-calcKing.release.xcconfig"; sourceTree = "<group>"; };
		B84A62D962E0FF4831CD6E76 /* Pods-calcKingTests.debug.xcconfig */ = {isa = PBXFileReference; includeInIndex = 1; lastKnownFileType = text.xcconfig; name = "Pods-calcKingTests.debug.xcconfig"; path = "Pods/Target Support Files/Pods-calcKingTests/Pods-calcKingTests.debug.xcconfig"; sourceTree = "<group>"; };
		CAF020BB1A2EDEF2C14599D1 /* Pods-calcKingTests.release.xcconfig */ = {isa = PBXFileReference; includeInIndex = 1; lastKnownFileType = text.xcconfig; name = "Pods-calcKingTests.release.xcconfig"; path = "Pods/Target Support Files/Pods-calcKingTests/Pods-calcKingTests.release.xcconfig"; sourceTree = "<group>"; };
/* End PBXFileReference section */

/* Begin PBXFrameworksBuildPhase section */
		15867E541F7BE3A500A471E3 /* Frameworks */ = {
			isa = PBXFrameworksBuildPhase;
			buildActionMask = 2147483647;
			files = (
				EB0D203AD1DAF4137AFCFCAA /* Pods_calcKing.framework in Frameworks */,
			);
			runOnlyForDeploymentPostprocessing = 0;
		};
		15867E681F7BE3A500A471E3 /* Frameworks */ = {
			isa = PBXFrameworksBuildPhase;
			buildActionMask = 2147483647;
			files = (
				D3DC728DC085457FE827185D /* Pods_calcKingTests.framework in Frameworks */,
			);
			runOnlyForDeploymentPostprocessing = 0;
		};
		15867E731F7BE3A500A471E3 /* Frameworks */ = {
			isa = PBXFrameworksBuildPhase;
			buildActionMask = 2147483647;
			files = (
				13D8DC56A894B71CD1317B3E /* Pods_calcKingUITests.framework in Frameworks */,
			);
			runOnlyForDeploymentPostprocessing = 0;
		};
/* End PBXFrameworksBuildPhase section */

/* Begin PBXGroup section */
		15867E4E1F7BE3A500A471E3 = {
			isa = PBXGroup;
			children = (
				15867E591F7BE3A500A471E3 /* calcKing */,
				15867E6E1F7BE3A500A471E3 /* calcKingTests */,
				15867E791F7BE3A500A471E3 /* calcKingUITests */,
				15867E581F7BE3A500A471E3 /* Products */,
				28937482A23BF46B83B0C5A7 /* Pods */,
				E0A179CE08138729D0BDDDEB /* Frameworks */,
			);
			sourceTree = "<group>";
		};
		15867E581F7BE3A500A471E3 /* Products */ = {
			isa = PBXGroup;
			children = (
				15867E571F7BE3A500A471E3 /* calcKing.app */,
				15867E6B1F7BE3A500A471E3 /* calcKingTests.xctest */,
				15867E761F7BE3A500A471E3 /* calcKingUITests.xctest */,
			);
			name = Products;
			sourceTree = "<group>";
		};
		15867E591F7BE3A500A471E3 /* calcKing */ = {
			isa = PBXGroup;
			children = (
				15867E5A1F7BE3A500A471E3 /* AppDelegate.swift */,
				15867E5C1F7BE3A500A471E3 /* ViewController.swift */,
				15867E5E1F7BE3A500A471E3 /* Main.storyboard */,
				15867E611F7BE3A500A471E3 /* Assets.xcassets */,
				15867E631F7BE3A500A471E3 /* LaunchScreen.storyboard */,
				15867E661F7BE3A500A471E3 /* Info.plist */,
			);
			path = calcKing;
			sourceTree = "<group>";
		};
		15867E6E1F7BE3A500A471E3 /* calcKingTests */ = {
			isa = PBXGroup;
			children = (
				15867E6F1F7BE3A500A471E3 /* calcKingTests.swift */,
				15867E711F7BE3A500A471E3 /* Info.plist */,
			);
			path = calcKingTests;
			sourceTree = "<group>";
		};
		15867E791F7BE3A500A471E3 /* calcKingUITests */ = {
			isa = PBXGroup;
			children = (
				15867E7A1F7BE3A500A471E3 /* calcKingUITests.swift */,
				15867E7C1F7BE3A500A471E3 /* Info.plist */,
			);
			path = calcKingUITests;
			sourceTree = "<group>";
		};
		28937482A23BF46B83B0C5A7 /* Pods */ = {
			isa = PBXGroup;
			children = (
				7B42665131BCAEE3AB222D42 /* Pods-calcKing.debug.xcconfig */,
				9E746A1FBDB2EE65CBF9EECA /* Pods-calcKing.release.xcconfig */,
				B84A62D962E0FF4831CD6E76 /* Pods-calcKingTests.debug.xcconfig */,
				CAF020BB1A2EDEF2C14599D1 /* Pods-calcKingTests.release.xcconfig */,
				1B455564F996463A5CCCB6E0 /* Pods-calcKingUITests.debug.xcconfig */,
				2CED217AA88EDC58B8AA77E9 /* Pods-calcKingUITests.release.xcconfig */,
			);
			name = Pods;
			sourceTree = "<group>";
		};
		E0A179CE08138729D0BDDDEB /* Frameworks */ = {
			isa = PBXGroup;
			children = (
				912DDE86DE5BF9CBAC60DE01 /* Pods_calcKing.framework */,
				505772D7B4A4F6150D91D92D /* Pods_calcKingTests.framework */,
				66FCE6CE298124C85610F069 /* Pods_calcKingUITests.framework */,
			);
			name = Frameworks;
			sourceTree = "<group>";
		};
/* End PBXGroup section */

/* Begin PBXNativeTarget section */
		15867E561F7BE3A500A471E3 /* calcKing */ = {
			isa = PBXNativeTarget;
			buildConfigurationList = 15867E7F1F7BE3A500A471E3 /* Build configuration list for PBXNativeTarget "calcKing" */;
			buildPhases = (
				132D6500E99AAADE68278BF1 /* [CP] Check Pods Manifest.lock */,
				15867E531F7BE3A500A471E3 /* Sources */,
				15867E541F7BE3A500A471E3 /* Frameworks */,
				15867E551F7BE3A500A471E3 /* Resources */,
				1C217918A5EC83743BC88298 /* [CP] Embed Pods Frameworks */,
				D0DD1B5AAB37A1CB00A7C343 /* [CP] Copy Pods Resources */,
			);
			buildRules = (
			);
			dependencies = (
			);
			name = calcKing;
			productName = calcKing;
			productReference = 15867E571F7BE3A500A471E3 /* calcKing.app */;
			productType = "com.apple.product-type.application";
		};
		15867E6A1F7BE3A500A471E3 /* calcKingTests */ = {
			isa = PBXNativeTarget;
			buildConfigurationList = 15867E821F7BE3A500A471E3 /* Build configuration list for PBXNativeTarget "calcKingTests" */;
			buildPhases = (
				2293501BDEC7C89F0DADE2AE /* [CP] Check Pods Manifest.lock */,
				15867E671F7BE3A500A471E3 /* Sources */,
				15867E681F7BE3A500A471E3 /* Frameworks */,
				15867E691F7BE3A500A471E3 /* Resources */,
				C63CA08F01EEEF8D93F0AE22 /* [CP] Embed Pods Frameworks */,
				1D45514FF3205C2B16C0DE1B /* [CP] Copy Pods Resources */,
			);
			buildRules = (
			);
			dependencies = (
				15867E6D1F7BE3A500A471E3 /* PBXTargetDependency */,
			);
			name = calcKingTests;
			productName = calcKingTests;
			productReference = 15867E6B1F7BE3A500A471E3 /* calcKingTests.xctest */;
			productType = "com.apple.product-type.bundle.unit-test";
		};
		15867E751F7BE3A500A471E3 /* calcKingUITests */ = {
			isa = PBXNativeTarget;
			buildConfigurationList = 15867E851F7BE3A500A471E3 /* Build configuration list for PBXNativeTarget "calcKingUITests" */;
			buildPhases = (
				254D4E5B2FBC38DBB9EF9094 /* [CP] Check Pods Manifest.lock */,
				15867E721F7BE3A500A471E3 /* Sources */,
				15867E731F7BE3A500A471E3 /* Frameworks */,
				15867E741F7BE3A500A471E3 /* Resources */,
				08D71873771BBFB54E844DB1 /* [CP] Embed Pods Frameworks */,
				B9700AEF798F15B88E112A4D /* [CP] Copy Pods Resources */,
			);
			buildRules = (
			);
			dependencies = (
				15867E781F7BE3A500A471E3 /* PBXTargetDependency */,
			);
			name = calcKingUITests;
			productName = calcKingUITests;
			productReference = 15867E761F7BE3A500A471E3 /* calcKingUITests.xctest */;
			productType = "com.apple.product-type.bundle.ui-testing";
		};
/* End PBXNativeTarget section */

/* Begin PBXProject section */
		15867E4F1F7BE3A500A471E3 /* Project object */ = {
			isa = PBXProject;
			attributes = {
				LastSwiftUpdateCheck = 0830;
				LastUpgradeCheck = 0900;
				ORGANIZATIONNAME = "真一郎中村";
				TargetAttributes = {
					15867E561F7BE3A500A471E3 = {
						CreatedOnToolsVersion = 8.3.3;
						DevelopmentTeam = TU4V2AMZNT;
						ProvisioningStyle = Automatic;
					};
					15867E6A1F7BE3A500A471E3 = {
						CreatedOnToolsVersion = 8.3.3;
						DevelopmentTeam = TU4V2AMZNT;
						ProvisioningStyle = Automatic;
						TestTargetID = 15867E561F7BE3A500A471E3;
					};
					15867E751F7BE3A500A471E3 = {
						CreatedOnToolsVersion = 8.3.3;
						DevelopmentTeam = TU4V2AMZNT;
						ProvisioningStyle = Automatic;
						TestTargetID = 15867E561F7BE3A500A471E3;
					};
				};
			};
			buildConfigurationList = 15867E521F7BE3A500A471E3 /* Build configuration list for PBXProject "calcKing" */;
			compatibilityVersion = "Xcode 3.2";
			developmentRegion = English;
			hasScannedForEncodings = 0;
			knownRegions = (
				en,
				Base,
			);
			mainGroup = 15867E4E1F7BE3A500A471E3;
			productRefGroup = 15867E581F7BE3A500A471E3 /* Products */;
			projectDirPath = "";
			projectRoot = "";
			targets = (
				15867E561F7BE3A500A471E3 /* calcKing */,
				15867E6A1F7BE3A500A471E3 /* calcKingTests */,
				15867E751F7BE3A500A471E3 /* calcKingUITests */,
			);
		};
/* End PBXProject section */

/* Begin PBXResourcesBuildPhase section */
		15867E551F7BE3A500A471E3 /* Resources */ = {
			isa = PBXResourcesBuildPhase;
			buildActionMask = 2147483647;
			files = (
				15867E651F7BE3A500A471E3 /* LaunchScreen.storyboard in Resources */,
				15867E621F7BE3A500A471E3 /* Assets.xcassets in Resources */,
				15867E601F7BE3A500A471E3 /* Main.storyboard in Resources */,
			);
			runOnlyForDeploymentPostprocessing = 0;
		};
		15867E691F7BE3A500A471E3 /* Resources */ = {
			isa = PBXResourcesBuildPhase;
			buildActionMask = 2147483647;
			files = (
			);
			runOnlyForDeploymentPostprocessing = 0;
		};
		15867E741F7BE3A500A471E3 /* Resources */ = {
			isa = PBXResourcesBuildPhase;
			buildActionMask = 2147483647;
			files = (
			);
			runOnlyForDeploymentPostprocessing = 0;
		};
/* End PBXResourcesBuildPhase section */

/* Begin PBXShellScriptBuildPhase section */
		08D71873771BBFB54E844DB1 /* [CP] Embed Pods Frameworks */ = {
			isa = PBXShellScriptBuildPhase;
			buildActionMask = 2147483647;
			files = (
			);
			inputPaths = (
			);
			name = "[CP] Embed Pods Frameworks";
			outputPaths = (
			);
			runOnlyForDeploymentPostprocessing = 0;
			shellPath = /bin/sh;
			shellScript = "\"${SRCROOT}/Pods/Target Support Files/Pods-calcKingUITests/Pods-calcKingUITests-frameworks.sh\"\n";
			showEnvVarsInLog = 0;
		};
		132D6500E99AAADE68278BF1 /* [CP] Check Pods Manifest.lock */ = {
			isa = PBXShellScriptBuildPhase;
			buildActionMask = 2147483647;
			files = (
			);
			inputPaths = (
				"${PODS_PODFILE_DIR_PATH}/Podfile.lock",
				"${PODS_ROOT}/Manifest.lock",
			);
			name = "[CP] Check Pods Manifest.lock";
			outputPaths = (
				"$(DERIVED_FILE_DIR)/Pods-calcKing-checkManifestLockResult.txt",
			);
			runOnlyForDeploymentPostprocessing = 0;
			shellPath = /bin/sh;
			shellScript = "diff \"${PODS_PODFILE_DIR_PATH}/Podfile.lock\" \"${PODS_ROOT}/Manifest.lock\" > /dev/null\nif [ $? != 0 ] ; then\n    # print error to STDERR\n    echo \"error: The sandbox is not in sync with the Podfile.lock. Run 'pod install' or update your CocoaPods installation.\" >&2\n    exit 1\nfi\n# This output is used by Xcode 'outputs' to avoid re-running this script phase.\necho \"SUCCESS\" > \"${SCRIPT_OUTPUT_FILE_0}\"\n";
			showEnvVarsInLog = 0;
		};
		1C217918A5EC83743BC88298 /* [CP] Embed Pods Frameworks */ = {
			isa = PBXShellScriptBuildPhase;
			buildActionMask = 2147483647;
			files = (
			);
			inputPaths = (
				"${SRCROOT}/Pods/Target Support Files/Pods-calcKing/Pods-calcKing-frameworks.sh",
				"${BUILT_PRODUCTS_DIR}/Expression/Expression.framework",
			);
			name = "[CP] Embed Pods Frameworks";
			outputPaths = (
				"${TARGET_BUILD_DIR}/${FRAMEWORKS_FOLDER_PATH}/Expression.framework",
			);
			runOnlyForDeploymentPostprocessing = 0;
			shellPath = /bin/sh;
			shellScript = "\"${SRCROOT}/Pods/Target Support Files/Pods-calcKing/Pods-calcKing-frameworks.sh\"\n";
			showEnvVarsInLog = 0;
		};
		1D45514FF3205C2B16C0DE1B /* [CP] Copy Pods Resources */ = {
			isa = PBXShellScriptBuildPhase;
			buildActionMask = 2147483647;
			files = (
			);
			inputPaths = (
			);
			name = "[CP] Copy Pods Resources";
			outputPaths = (
			);
			runOnlyForDeploymentPostprocessing = 0;
			shellPath = /bin/sh;
			shellScript = "\"${SRCROOT}/Pods/Target Support Files/Pods-calcKingTests/Pods-calcKingTests-resources.sh\"\n";
			showEnvVarsInLog = 0;
		};
		2293501BDEC7C89F0DADE2AE /* [CP] Check Pods Manifest.lock */ = {
			isa = PBXShellScriptBuildPhase;
			buildActionMask = 2147483647;
			files = (
			);
			inputPaths = (
				"${PODS_PODFILE_DIR_PATH}/Podfile.lock",
				"${PODS_ROOT}/Manifest.lock",
			);
			name = "[CP] Check Pods Manifest.lock";
			outputPaths = (
				"$(DERIVED_FILE_DIR)/Pods-calcKingTests-checkManifestLockResult.txt",
			);
			runOnlyForDeploymentPostprocessing = 0;
			shellPath = /bin/sh;
			shellScript = "diff \"${PODS_PODFILE_DIR_PATH}/Podfile.lock\" \"${PODS_ROOT}/Manifest.lock\" > /dev/null\nif [ $? != 0 ] ; then\n    # print error to STDERR\n    echo \"error: The sandbox is not in sync with the Podfile.lock. Run 'pod install' or update your CocoaPods installation.\" >&2\n    exit 1\nfi\n# This output is used by Xcode 'outputs' to avoid re-running this script phase.\necho \"SUCCESS\" > \"${SCRIPT_OUTPUT_FILE_0}\"\n";
			showEnvVarsInLog = 0;
		};
		254D4E5B2FBC38DBB9EF9094 /* [CP] Check Pods Manifest.lock */ = {
			isa = PBXShellScriptBuildPhase;
			buildActionMask = 2147483647;
			files = (
			);
			inputPaths = (
				"${PODS_PODFILE_DIR_PATH}/Podfile.lock",
				"${PODS_ROOT}/Manifest.lock",
			);
			name = "[CP] Check Pods Manifest.lock";
			outputPaths = (
				"$(DERIVED_FILE_DIR)/Pods-calcKingUITests-checkManifestLockResult.txt",
			);
			runOnlyForDeploymentPostprocessing = 0;
			shellPath = /bin/sh;
			shellScript = "diff \"${PODS_PODFILE_DIR_PATH}/Podfile.lock\" \"${PODS_ROOT}/Manifest.lock\" > /dev/null\nif [ $? != 0 ] ; then\n    # print error to STDERR\n    echo \"error: The sandbox is not in sync with the Podfile.lock. Run 'pod install' or update your CocoaPods installation.\" >&2\n    exit 1\nfi\n# This output is used by Xcode 'outputs' to avoid re-running this script phase.\necho \"SUCCESS\" > \"${SCRIPT_OUTPUT_FILE_0}\"\n";
			showEnvVarsInLog = 0;
		};
		B9700AEF798F15B88E112A4D /* [CP] Copy Pods Resources */ = {
			isa = PBXShellScriptBuildPhase;
			buildActionMask = 2147483647;
			files = (
			);
			inputPaths = (
			);
			name = "[CP] Copy Pods Resources";
			outputPaths = (
			);
			runOnlyForDeploymentPostprocessing = 0;
			shellPath = /bin/sh;
			shellScript = "\"${SRCROOT}/Pods/Target Support Files/Pods-calcKingUITests/Pods-calcKingUITests-resources.sh\"\n";
			showEnvVarsInLog = 0;
		};
		C63CA08F01EEEF8D93F0AE22 /* [CP] Embed Pods Frameworks */ = {
			isa = PBXShellScriptBuildPhase;
			buildActionMask = 2147483647;
			files = (
			);
			inputPaths = (
			);
			name = "[CP] Embed Pods Frameworks";
			outputPaths = (
			);
			runOnlyForDeploymentPostprocessing = 0;
			shellPath = /bin/sh;
			shellScript = "\"${SRCROOT}/Pods/Target Support Files/Pods-calcKingTests/Pods-calcKingTests-frameworks.sh\"\n";
			showEnvVarsInLog = 0;
		};
		D0DD1B5AAB37A1CB00A7C343 /* [CP] Copy Pods Resources */ = {
			isa = PBXShellScriptBuildPhase;
			buildActionMask = 2147483647;
			files = (
			);
			inputPaths = (
			);
			name = "[CP] Copy Pods Resources";
			outputPaths = (
			);
			runOnlyForDeploymentPostprocessing = 0;
			shellPath = /bin/sh;
			shellScript = "\"${SRCROOT}/Pods/Target Support Files/Pods-calcKing/Pods-calcKing-resources.sh\"\n";
			showEnvVarsInLog = 0;
		};
/* End PBXShellScriptBuildPhase section */

/* Begin PBXSourcesBuildPhase section */
		15867E531F7BE3A500A471E3 /* Sources */ = {
			isa = PBXSourcesBuildPhase;
			buildActionMask = 2147483647;
			files = (
				15867E5D1F7BE3A500A471E3 /* ViewController.swift in Sources */,
				15867E5B1F7BE3A500A471E3 /* AppDelegate.swift in Sources */,
			);
			runOnlyForDeploymentPostprocessing = 0;
		};
		15867E671F7BE3A500A471E3 /* Sources */ = {
			isa = PBXSourcesBuildPhase;
			buildActionMask = 2147483647;
			files = (
				15867E701F7BE3A500A471E3 /* calcKingTests.swift in Sources */,
			);
			runOnlyForDeploymentPostprocessing = 0;
		};
		15867E721F7BE3A500A471E3 /* Sources */ = {
			isa = PBXSourcesBuildPhase;
			buildActionMask = 2147483647;
			files = (
				15867E7B1F7BE3A500A471E3 /* calcKingUITests.swift in Sources */,
			);
			runOnlyForDeploymentPostprocessing = 0;
		};
/* End PBXSourcesBuildPhase section */

/* Begin PBXTargetDependency section */
		15867E6D1F7BE3A500A471E3 /* PBXTargetDependency */ = {
			isa = PBXTargetDependency;
			target = 15867E561F7BE3A500A471E3 /* calcKing */;
			targetProxy = 15867E6C1F7BE3A500A471E3 /* PBXContainerItemProxy */;
		};
		15867E781F7BE3A500A471E3 /* PBXTargetDependency */ = {
			isa = PBXTargetDependency;
			target = 15867E561F7BE3A500A471E3 /* calcKing */;
			targetProxy = 15867E771F7BE3A500A471E3 /* PBXContainerItemProxy */;
		};
/* End PBXTargetDependency section */

/* Begin PBXVariantGroup section */
		15867E5E1F7BE3A500A471E3 /* Main.storyboard */ = {
			isa = PBXVariantGroup;
			children = (
				15867E5F1F7BE3A500A471E3 /* Base */,
			);
			name = Main.storyboard;
			sourceTree = "<group>";
		};
		15867E631F7BE3A500A471E3 /* LaunchScreen.storyboard */ = {
			isa = PBXVariantGroup;
			children = (
				15867E641F7BE3A500A471E3 /* Base */,
			);
			name = LaunchScreen.storyboard;
			sourceTree = "<group>";
		};
/* End PBXVariantGroup section */

/* Begin XCBuildConfiguration section */
		15867E7D1F7BE3A500A471E3 /* Debug */ = {
			isa = XCBuildConfiguration;
			buildSettings = {
				ALWAYS_SEARCH_USER_PATHS = NO;
				CLANG_ANALYZER_NONNULL = YES;
				CLANG_ANALYZER_NUMBER_OBJECT_CONVERSION = YES_AGGRESSIVE;
				CLANG_CXX_LANGUAGE_STANDARD = "gnu++0x";
				CLANG_CXX_LIBRARY = "libc++";
				CLANG_ENABLE_MODULES = YES;
				CLANG_ENABLE_OBJC_ARC = YES;
				CLANG_WARN_BLOCK_CAPTURE_AUTORELEASING = YES;
				CLANG_WARN_BOOL_CONVERSION = YES;
				CLANG_WARN_COMMA = YES;
				CLANG_WARN_CONSTANT_CONVERSION = YES;
				CLANG_WARN_DIRECT_OBJC_ISA_USAGE = YES_ERROR;
				CLANG_WARN_DOCUMENTATION_COMMENTS = YES;
				CLANG_WARN_EMPTY_BODY = YES;
				CLANG_WARN_ENUM_CONVERSION = YES;
				CLANG_WARN_INFINITE_RECURSION = YES;
				CLANG_WARN_INT_CONVERSION = YES;
				CLANG_WARN_NON_LITERAL_NULL_CONVERSION = YES;
				CLANG_WARN_OBJC_LITERAL_CONVERSION = YES;
				CLANG_WARN_OBJC_ROOT_CLASS = YES_ERROR;
				CLANG_WARN_RANGE_LOOP_ANALYSIS = YES;
				CLANG_WARN_STRICT_PROTOTYPES = YES;
				CLANG_WARN_SUSPICIOUS_MOVE = YES;
				CLANG_WARN_UNREACHABLE_CODE = YES;
				CLANG_WARN__DUPLICATE_METHOD_MATCH = YES;
				"CODE_SIGN_IDENTITY[sdk=iphoneos*]" = "iPhone Developer";
				COPY_PHASE_STRIP = NO;
				DEBUG_INFORMATION_FORMAT = dwarf;
				ENABLE_STRICT_OBJC_MSGSEND = YES;
				ENABLE_TESTABILITY = YES;
				GCC_C_LANGUAGE_STANDARD = gnu99;
				GCC_DYNAMIC_NO_PIC = NO;
				GCC_NO_COMMON_BLOCKS = YES;
				GCC_OPTIMIZATION_LEVEL = 0;
				GCC_PREPROCESSOR_DEFINITIONS = (
					"DEBUG=1",
					"$(inherited)",
				);
				GCC_WARN_64_TO_32_BIT_CONVERSION = YES;
				GCC_WARN_ABOUT_RETURN_TYPE = YES_ERROR;
				GCC_WARN_UNDECLARED_SELECTOR = YES;
				GCC_WARN_UNINITIALIZED_AUTOS = YES_AGGRESSIVE;
				GCC_WARN_UNUSED_FUNCTION = YES;
				GCC_WARN_UNUSED_VARIABLE = YES;
				IPHONEOS_DEPLOYMENT_TARGET = 10.3;
				MTL_ENABLE_DEBUG_INFO = YES;
				ONLY_ACTIVE_ARCH = YES;
				SDKROOT = iphoneos;
				SWIFT_ACTIVE_COMPILATION_CONDITIONS = DEBUG;
				SWIFT_OPTIMIZATION_LEVEL = "-Onone";
			};
			name = Debug;
		};
		15867E7E1F7BE3A500A471E3 /* Release */ = {
			isa = XCBuildConfiguration;
			buildSettings = {
				ALWAYS_SEARCH_USER_PATHS = NO;
				CLANG_ANALYZER_NONNULL = YES;
				CLANG_ANALYZER_NUMBER_OBJECT_CONVERSION = YES_AGGRESSIVE;
				CLANG_CXX_LANGUAGE_STANDARD = "gnu++0x";
				CLANG_CXX_LIBRARY = "libc++";
				CLANG_ENABLE_MODULES = YES;
				CLANG_ENABLE_OBJC_ARC = YES;
				CLANG_WARN_BLOCK_CAPTURE_AUTORELEASING = YES;
				CLANG_WARN_BOOL_CONVERSION = YES;
				CLANG_WARN_COMMA = YES;
				CLANG_WARN_CONSTANT_CONVERSION = YES;
				CLANG_WARN_DIRECT_OBJC_ISA_USAGE = YES_ERROR;
				CLANG_WARN_DOCUMENTATION_COMMENTS = YES;
				CLANG_WARN_EMPTY_BODY = YES;
				CLANG_WARN_ENUM_CONVERSION = YES;
				CLANG_WARN_INFINITE_RECURSION = YES;
				CLANG_WARN_INT_CONVERSION = YES;
				CLANG_WARN_NON_LITERAL_NULL_CONVERSION = YES;
				CLANG_WARN_OBJC_LITERAL_CONVERSION = YES;
				CLANG_WARN_OBJC_ROOT_CLASS = YES_ERROR;
				CLANG_WARN_RANGE_LOOP_ANALYSIS = YES;
				CLANG_WARN_STRICT_PROTOTYPES = YES;
				CLANG_WARN_SUSPICIOUS_MOVE = YES;
				CLANG_WARN_UNREACHABLE_CODE = YES;
				CLANG_WARN__DUPLICATE_METHOD_MATCH = YES;
				"CODE_SIGN_IDENTITY[sdk=iphoneos*]" = "iPhone Developer";
				COPY_PHASE_STRIP = NO;
				DEBUG_INFORMATION_FORMAT = "dwarf-with-dsym";
				ENABLE_NS_ASSERTIONS = NO;
				ENABLE_STRICT_OBJC_MSGSEND = YES;
				GCC_C_LANGUAGE_STANDARD = gnu99;
				GCC_NO_COMMON_BLOCKS = YES;
				GCC_WARN_64_TO_32_BIT_CONVERSION = YES;
				GCC_WARN_ABOUT_RETURN_TYPE = YES_ERROR;
				GCC_WARN_UNDECLARED_SELECTOR = YES;
				GCC_WARN_UNINITIALIZED_AUTOS = YES_AGGRESSIVE;
				GCC_WARN_UNUSED_FUNCTION = YES;
				GCC_WARN_UNUSED_VARIABLE = YES;
				IPHONEOS_DEPLOYMENT_TARGET = 10.3;
				MTL_ENABLE_DEBUG_INFO = NO;
				SDKROOT = iphoneos;
				SWIFT_OPTIMIZATION_LEVEL = "-Owholemodule";
				VALIDATE_PRODUCT = YES;
			};
			name = Release;
		};
		15867E801F7BE3A500A471E3 /* Debug */ = {
			isa = XCBuildConfiguration;
			baseConfigurationReference = 7B42665131BCAEE3AB222D42 /* Pods-calcKing.debug.xcconfig */;
			buildSettings = {
				ASSETCATALOG_COMPILER_APPICON_NAME = AppIcon;
				DEVELOPMENT_TEAM = TU4V2AMZNT;
				INFOPLIST_FILE = calcKing/Info.plist;
				IPHONEOS_DEPLOYMENT_TARGET = 10.3;
				LD_RUNPATH_SEARCH_PATHS = "$(inherited) @executable_path/Frameworks";
				PRODUCT_BUNDLE_IDENTIFIER = nakamura.calcKing;
				PRODUCT_NAME = "$(TARGET_NAME)";
				SWIFT_VERSION = 3.0;
			};
			name = Debug;
		};
		15867E811F7BE3A500A471E3 /* Release */ = {
			isa = XCBuildConfiguration;
			baseConfigurationReference = 9E746A1FBDB2EE65CBF9EECA /* Pods-calcKing.release.xcconfig */;
			buildSettings = {
				ASSETCATALOG_COMPILER_APPICON_NAME = AppIcon;
				DEVELOPMENT_TEAM = TU4V2AMZNT;
				INFOPLIST_FILE = calcKing/Info.plist;
				IPHONEOS_DEPLOYMENT_TARGET = 10.3;
				LD_RUNPATH_SEARCH_PATHS = "$(inherited) @executable_path/Frameworks";
				PRODUCT_BUNDLE_IDENTIFIER = nakamura.calcKing;
				PRODUCT_NAME = "$(TARGET_NAME)";
				SWIFT_VERSION = 3.0;
			};
			name = Release;
		};
		15867E831F7BE3A500A471E3 /* Debug */ = {
			isa = XCBuildConfiguration;
			baseConfigurationReference = B84A62D962E0FF4831CD6E76 /* Pods-calcKingTests.debug.xcconfig */;
			buildSettings = {
				ALWAYS_EMBED_SWIFT_STANDARD_LIBRARIES = YES;
				BUNDLE_LOADER = "$(TEST_HOST)";
				DEVELOPMENT_TEAM = TU4V2AMZNT;
				INFOPLIST_FILE = calcKingTests/Info.plist;
				LD_RUNPATH_SEARCH_PATHS = "$(inherited) @executable_path/Frameworks @loader_path/Frameworks";
				PRODUCT_BUNDLE_IDENTIFIER = nakamura.calcKingTests;
				PRODUCT_NAME = "$(TARGET_NAME)";
				SWIFT_VERSION = 3.0;
				TEST_HOST = "$(BUILT_PRODUCTS_DIR)/calcKing.app/calcKing";
			};
			name = Debug;
		};
		15867E841F7BE3A500A471E3 /* Release */ = {
			isa = XCBuildConfiguration;
			baseConfigurationReference = CAF020BB1A2EDEF2C14599D1 /* Pods-calcKingTests.release.xcconfig */;
			buildSettings = {
				ALWAYS_EMBED_SWIFT_STANDARD_LIBRARIES = YES;
				BUNDLE_LOADER = "$(TEST_HOST)";
				DEVELOPMENT_TEAM = TU4V2AMZNT;
				INFOPLIST_FILE = calcKingTests/Info.plist;
				LD_RUNPATH_SEARCH_PATHS = "$(inherited) @executable_path/Frameworks @loader_path/Frameworks";
				PRODUCT_BUNDLE_IDENTIFIER = nakamura.calcKingTests;
				PRODUCT_NAME = "$(TARGET_NAME)";
				SWIFT_VERSION = 3.0;
				TEST_HOST = "$(BUILT_PRODUCTS_DIR)/calcKing.app/calcKing";
			};
			name = Release;
		};
		15867E861F7BE3A500A471E3 /* Debug */ = {
			isa = XCBuildConfiguration;
			baseConfigurationReference = 1B455564F996463A5CCCB6E0 /* Pods-calcKingUITests.debug.xcconfig */;
			buildSettings = {
				ALWAYS_EMBED_SWIFT_STANDARD_LIBRARIES = YES;
				DEVELOPMENT_TEAM = TU4V2AMZNT;
				INFOPLIST_FILE = calcKingUITests/Info.plist;
				LD_RUNPATH_SEARCH_PATHS = "$(inherited) @executable_path/Frameworks @loader_path/Frameworks";
				PRODUCT_BUNDLE_IDENTIFIER = nakamura.calcKingUITests;
				PRODUCT_NAME = "$(TARGET_NAME)";
				SWIFT_VERSION = 3.0;
				TEST_TARGET_NAME = calcKing;
			};
			name = Debug;
		};
		15867E871F7BE3A500A471E3 /* Release */ = {
			isa = XCBuildConfiguration;
			baseConfigurationReference = 2CED217AA88EDC58B8AA77E9 /* Pods-calcKingUITests.release.xcconfig */;
			buildSettings = {
				ALWAYS_EMBED_SWIFT_STANDARD_LIBRARIES = YES;
				DEVELOPMENT_TEAM = TU4V2AMZNT;
				INFOPLIST_FILE = calcKingUITests/Info.plist;
				LD_RUNPATH_SEARCH_PATHS = "$(inherited) @executable_path/Frameworks @loader_path/Frameworks";
				PRODUCT_BUNDLE_IDENTIFIER = nakamura.calcKingUITests;
				PRODUCT_NAME = "$(TARGET_NAME)";
				SWIFT_VERSION = 3.0;
				TEST_TARGET_NAME = calcKing;
			};
			name = Release;
		};
/* End XCBuildConfiguration section */

/* Begin XCConfigurationList section */
		15867E521F7BE3A500A471E3 /* Build configuration list for PBXProject "calcKing" */ = {
			isa = XCConfigurationList;
			buildConfigurations = (
				15867E7D1F7BE3A500A471E3 /* Debug */,
				15867E7E1F7BE3A500A471E3 /* Release */,
			);
			defaultConfigurationIsVisible = 0;
			defaultConfigurationName = Release;
		};
		15867E7F1F7BE3A500A471E3 /* Build configuration list for PBXNativeTarget "calcKing" */ = {
			isa = XCConfigurationList;
			buildConfigurations = (
				15867E801F7BE3A500A471E3 /* Debug */,
				15867E811F7BE3A500A471E3 /* Release */,
			);
			defaultConfigurationIsVisible = 0;
			defaultConfigurationName = Release;
		};
		15867E821F7BE3A500A471E3 /* Build configuration list for PBXNativeTarget "calcKingTests" */ = {
			isa = XCConfigurationList;
			buildConfigurations = (
				15867E831F7BE3A500A471E3 /* Debug */,
				15867E841F7BE3A500A471E3 /* Release */,
			);
			defaultConfigurationIsVisible = 0;
			defaultConfigurationName = Release;
		};
		15867E851F7BE3A500A471E3 /* Build configuration list for PBXNativeTarget "calcKingUITests" */ = {
			isa = XCConfigurationList;
			buildConfigurations = (
				15867E861F7BE3A500A471E3 /* Debug */,
				15867E871F7BE3A500A471E3 /* Release */,
			);
			defaultConfigurationIsVisible = 0;
			defaultConfigurationName = Release;
		};
/* End XCConfigurationList section */
	};
	rootObject = 15867E4F1F7BE3A500A471E3 /* Project object */;
}
